
Microsoft Visual Studio Solution File, Format Version 12.00
# Visual Studio Version 17
VisualStudioVersion = 17.3.32929.385
MinimumVisualStudioVersion = 10.0.40219.1
Project("{FAE04EC0-301F-11D3-BF4B-00C04F79EFBC}") = "ConvertendoTextoParaNumero", "ConvertendoTextoParaNumero\ConvertendoTextoParaNumero.csproj", "{DFFAE3C3-2F03-404B-B383-CB41FE01D795}"
EndProject
Global
	GlobalSection(SolutionConfigurationPlatforms) = preSolution
		Debug|Any CPU = Debug|Any CPU
		Release|Any CPU = Release|Any CPU
	EndGlobalSection
	GlobalSection(ProjectConfigurationPlatforms) = postSolution
		{DFFAE3C3-2F03-404B-B383-CB41FE01D795}.Debug|Any CPU.ActiveCfg = Debug|Any CPU
		{DFFAE3C3-2F03-404B-B383-CB41FE01D795}.Debug|Any CPU.Build.0 = Debug|Any CPU
		{DFFAE3C3-2F03-404B-B383-CB41FE01D795}.Release|Any CPU.ActiveCfg = Release|Any CPU
		{DFFAE3C3-2F03-404B-B383-CB41FE01D795}.Release|Any CPU.Build.0 = Release|Any CPU
	EndGlobalSection
	GlobalSection(SolutionProperties) = preSolution
		HideSolutionNode = FALSE
	EndGlobalSection
	GlobalSection(ExtensibilityGlobals) = postSolution
		SolutionGuid = {8E1CD85E-E100-4B0E-88FA-75CDC9E6A12B}
	EndGlobalSection
EndGlobal
